{
  "nodes": {
    "cygnus-monitor-probe": {
      "inputs": {
        "nixpkgs": [
          "nixpkgs"
        ]
      },
      "locked": {
        "lastModified": 1780866210,
        "narHash": "sha256-pOYGrQzpihK1hpfJ+V3t88pqdz1+LnxgHW+LySt7sXM=",
        "ref": "refs/heads/main",
        "rev": "a056475ac4245e5af287bd4f02a0513974432268",
        "revCount": 3,
        "type": "git",
        "url": "ssh://git@gitlab.com/cygnus-labs/development/platform/cygnus-monitor-probe.git"
      },
      "original": {
        "type": "git",
        "url": "ssh://git@gitlab.com/cygnus-labs/development/platform/cygnus-monitor-probe.git"
      }
    },
    "disko": {
      "inputs": {
        "nixpkgs": [
          "nixpkgs"
        ]
      },
      "locked": {
        "lastModified": 1780894562,
        "narHash": "sha256-c3430xwxwhHipl3jigUGMMBfpaMylDqytW/kdmB3ZGs=",
        "ref": "refs/heads/master",
        "rev": "24fed06cac83bcc44ac8efbb57cab1a82fa0bedc",
        "revCount": 1390,
        "type": "git",
        "url": "https://github.com/nix-community/disko.git"
      },
      "original": {
        "type": "git",
        "url": "https://github.com/nix-community/disko.git"
      }
    },
    "distro-grub-themes": {
      "inputs": {
        "flake-utils": "flake-utils",
        "nixpkgs": [
          "nixpkgs"
        ]
      },
      "locked": {
        "lastModified": 1774698239,
        "narHash": "sha256-9gL1K1pKJ5P/KVnpcZusGXhF4LuL4yBdjUy2ZAi5GB4=",
        "owner": "AdisonCavani",
        "repo": "distro-grub-themes",
        "rev": "6e9e018abf38c0b3ed2bff1912ecf30a94e0c917",
        "type": "github"
      },
      "original": {
        "owner": "AdisonCavani",
        "repo": "distro-grub-themes",
        "type": "github"
      }
    },
    "flake-utils": {
      "inputs": {
        "systems": "systems"
      },
      "locked": {
        "lastModified": 1731533236,
        "narHash": "sha256-l0KFg5HjrsfsO/JpG+r7fRrqm12kzFHyUHqHCVpMMbI=",
        "owner": "numtide",
        "repo": "flake-utils",
        "rev": "11707dc2f618dd54ca8739b309ec4fc024de578b",
        "type": "github"
      },
      "original": {
        "owner": "numtide",
        "repo": "flake-utils",
        "type": "github"
      }
    },
    "home-manager": {
      "inputs": {
        "nixpkgs": [
          "nixpkgs"
        ]
      },
      "locked": {
        "lastModified": 1780883961,
        "narHash": "sha256-WU6SUrESuPiEXEUvX4D51AgWrXRJty+sLJBwBaDBGqE=",
        "owner": "nix-community",
        "repo": "home-manager",
        "rev": "4eb4fec41674d5b059aa2eedf0f98453890546fa",
        "type": "github"
      },
      "original": {
        "owner": "nix-community",
        "ref": "release-26.05",
        "repo": "home-manager",
        "type": "github"
      }
    },
    "nix-secrets": {
      "flake": false,
      "locked": {
        "lastModified": 1777477137,
        "narHash": "sha256-+oJxUi7s16+iBB9icmg5kAFUEvUpJZASq3z8cVl97rI=",
        "ref": "main",
        "rev": "5f523a04fd2c4915a2facece1ea80576f07fce48",
        "shallow": true,
        "type": "git",
        "url": "ssh://git@github.com/nico-swan-com/nix-secrets.git"
      },
      "original": {
        "ref": "main",
        "shallow": true,
        "type": "git",
        "url": "ssh://git@github.com/nico-swan-com/nix-secrets.git"
      }
    },
    "nixpkgs": {
      "locked": {
        "lastModified": 1780902259,
        "narHash": "sha256-q8yYEC5f1mFlQO9RGna4LTc9QrcvWunX6FYp83munkQ=",
        "owner": "nixos",
        "repo": "nixpkgs",
        "rev": "bd0ff2d3eac24699c3664d5966b9ef36f388e2ca",
        "type": "github"
      },
      "original": {
        "owner": "nixos",
        "ref": "nixos-26.05",
        "repo": "nixpkgs",
        "type": "github"
      }
    },
    "nixpkgs-unstable": {
      "locked": {
        "lastModified": 1780749050,
        "narHash": "sha256-3av0pIjlOWQ6rDbNOmpUSvbNnJkGORQKKjb4LtCZsIY=",
        "owner": "nixos",
        "repo": "nixpkgs",
        "rev": "a799d3e3886da994fa307f817a6bc705ae538eeb",
        "type": "github"
      },
      "original": {
        "owner": "nixos",
        "ref": "nixos-unstable",
        "repo": "nixpkgs",
        "type": "github"
      }
    },
    "nixpkgs_2": {
      "locked": {
        "lastModified": 1775888245,
        "narHash": "sha256-nwASzrRDD1JBEu/o8ekKYEXm/oJW6EMCzCRdrwcLe90=",
        "owner": "NixOS",
        "repo": "nixpkgs",
        "rev": "13043924aaa7375ce482ebe2494338e058282925",
        "type": "github"
      },
      "original": {
        "owner": "NixOS",
        "ref": "nixpkgs-unstable",
        "repo": "nixpkgs",
        "type": "github"
      }
    },
    "rcw-crawler": {
      "inputs": {
        "nixpkgs": [
          "nixpkgs"
        ],
        "rust-overlay": "rust-overlay"
      },
      "locked": {
        "lastModified": 1781009255,
        "narHash": "sha256-xL3af/NtKAy+I35qQU/yTILLKl36SVbl9/qDWDVSW/E=",
        "ref": "refs/heads/main",
        "rev": "7146b26f61b6fecea958d15cdc574573bb593fa1",
        "revCount": 18,
        "type": "git",
        "url": "ssh://git@gitlab.com/cygnus-labs/development/ai/cygnus-law/rcw-crawler.git"
      },
      "original": {
        "type": "git",
        "url": "ssh://git@gitlab.com/cygnus-labs/development/ai/cygnus-law/rcw-crawler.git"
      }
    },
    "root": {
      "inputs": {
        "cygnus-monitor-probe": "cygnus-monitor-probe",
        "disko": "disko",
        "distro-grub-themes": "distro-grub-themes",
        "home-manager": "home-manager",
        "nix-secrets": "nix-secrets",
        "nixpkgs": "nixpkgs",
        "nixpkgs-unstable": "nixpkgs-unstable",
        "rcw-crawler": "rcw-crawler",
        "sops-nix": "sops-nix"
      }
    },
    "rust-overlay": {
      "inputs": {
        "nixpkgs": [
          "rcw-crawler",
          "nixpkgs"
        ]
      },
      "locked": {
        "lastModified": 1780802404,
        "narHash": "sha256-bGtIUeLb0yChX4h6hB40OOCwcYhcpQZHXSDvZGdWgeM=",
        "type": "tarball",
        "url": "https://github.com/oxalica/rust-overlay/archive/master.tar.gz"
      },
      "original": {
        "type": "tarball",
        "url": "https://github.com/oxalica/rust-overlay/archive/master.tar.gz"
      }
    },
    "sops-nix": {
      "inputs": {
        "nixpkgs": "nixpkgs_2"
      },
      "locked": {
        "lastModified": 1780547341,
        "narHash": "sha256-Gq8KNx5A7hBB3uGJaj6eQfLDIz5YdLu92gqBcvHvoUo=",
        "owner": "mic92",
        "repo": "sops-nix",
        "rev": "9ed65852b6257fbeae4355bc24ecfea307ca759a",
        "type": "github"
      },
      "original": {
        "owner": "mic92",
        "repo": "sops-nix",
        "type": "github"
      }
    },
    "systems": {
      "locked": {
        "lastModified": 1681028828,
        "narHash": "sha256-Vy1rq5AaRuLzOxct8nz4T6wlgyUR7zLU309k9mBC768=",
        "owner": "nix-systems",
        "repo": "default",
        "rev": "da67096a3b9bf56a91d16901293e51ba5b49a27e",
        "type": "github"
      },
      "original": {
        "owner": "nix-systems",
        "repo": "default",
        "type": "github"
      }
    }
  },
  "root": "root",
  "version": 7
}
